
Microsoft Visual Studio Solution File, Format Version 12.00
# Visual Studio Version 16
VisualStudioVersion = 16.0.31019.35
MinimumVisualStudioVersion = 10.0.40219.1
Project("{FAE04EC0-301F-11D3-BF4B-00C04F79EFBC}") = "Database Manager", "Database Manager\Database Manager.csproj", "{BE8B7EED-C0AC-4AB0-81F5-7FEFEE9B122E}"
EndProject
Global
	GlobalSection(SolutionConfigurationPlatforms) = preSolution
		Debug|Any CPU = Debug|Any CPU
		Release|Any CPU = Release|Any CPU
	EndGlobalSection
	GlobalSection(ProjectConfigurationPlatforms) = postSolution
		{BE8B7EED-C0AC-4AB0-81F5-7FEFEE9B122E}.Debug|Any CPU.ActiveCfg = Debug|Any CPU
		{BE8B7EED-C0AC-4AB0-81F5-7FEFEE9B122E}.Debug|Any CPU.Build.0 = Debug|Any CPU
		{BE8B7EED-C0AC-4AB0-81F5-7FEFEE9B122E}.Release|Any CPU.ActiveCfg = Release|Any CPU
		{BE8B7EED-C0AC-4AB0-81F5-7FEFEE9B122E}.Release|Any CPU.Build.0 = Release|Any CPU
	EndGlobalSection
	GlobalSection(SolutionProperties) = preSolution
		HideSolutionNode = FALSE
	EndGlobalSection
	GlobalSection(ExtensibilityGlobals) = postSolution
		SolutionGuid = {29BB7A35-ACE7-4C7D-98EC-EF90F46AC5A2}
	EndGlobalSection
EndGlobal
